// !$*UTF8*$!
{
	archiveVersion = 1;
	classes = {
	};
	objectVersion = 46;
	objects = {

/* Begin PBXBuildFile section */
		4AED62961FFBCA7E009A6B51 /* AppDelegate.swift in Sources */ = {isa = PBXBuildFile; fileRef = 4AED62951FFBCA7E009A6B51 /* AppDelegate.swift */; };
		4AED62981FFBCA7E009A6B51 /* ViewController.swift in Sources */ = {isa = PBXBuildFile; fileRef = 4AED62971FFBCA7E009A6B51 /* ViewController.swift */; };
		4AED629B1FFBCA7E009A6B51 /* Main.storyboard in Resources */ = {isa = PBXBuildFile; fileRef = 4AED62991FFBCA7E009A6B51 /* Main.storyboard */; };
		4AED629D1FFBCA7E009A6B51 /* Assets.xcassets in Resources */ = {isa = PBXBuildFile; fileRef = 4AED629C1FFBCA7E009A6B51 /* Assets.xcassets */; };
		4AED62A01FFBCA7E009A6B51 /* LaunchScreen.storyboard in Resources */ = {isa = PBXBuildFile; fileRef = 4AED629E1FFBCA7E009A6B51 /* LaunchScreen.storyboard */; };
		4AED62AB1FFBCA7F009A6B51 /* Silly_SongTests.swift in Sources */ = {isa = PBXBuildFile; fileRef = 4AED62AA1FFBCA7F009A6B51 /* Silly_SongTests.swift */; };
		4AED62B61FFBCA7F009A6B51 /* Silly_SongUITests.swift in Sources */ = {isa = PBXBuildFile; fileRef = 4AED62B51FFBCA7F009A6B51 /* Silly_SongUITests.swift */; };
/* End PBXBuildFile section */

/* Begin PBXContainerItemProxy section */
		4AED62A71FFBCA7F009A6B51 /* PBXContainerItemProxy */ = {
			isa = PBXContainerItemProxy;
			containerPortal = 4AED628A1FFBCA7E009A6B51 /* Project object */;
			proxyType = 1;
			remoteGlobalIDString = 4AED62911FFBCA7E009A6B51;
			remoteInfo = "Silly Song";
		};
		4AED62B21FFBCA7F009A6B51 /* PBXContainerItemProxy */ = {
			isa = PBXContainerItemProxy;
			containerPortal = 4AED628A1FFBCA7E009A6B51 /* Project object */;
			proxyType = 1;
			remoteGlobalIDString = 4AED62911FFBCA7E009A6B51;
			remoteInfo = "Silly Song";
		};
/* End PBXContainerItemProxy section */

/* Begin PBXFileReference section */
		4AED62921FFBCA7E009A6B51 /* Silly Song.app */ = {isa = PBXFileReference; explicitFileType = wrapper.application; includeInIndex = 0; path = "Silly Song.app"; sourceTree = BUILT_PRODUCTS_DIR; };
		4AED62951FFBCA7E009A6B51 /* AppDelegate.swift */ = {isa = PBXFileReference; lastKnownFileType = sourcecode.swift; path = AppDelegate.swift; sourceTree = "<group>"; };
		4AED62971FFBCA7E009A6B51 /* ViewController.swift */ = {isa = PBXFileReference; lastKnownFileType = sourcecode.swift; path = ViewController.swift; sourceTree = "<group>"; };
		4AED629A1FFBCA7E009A6B51 /* Base */ = {isa = PBXFileReference; lastKnownFileType = file.storyboard; name = Base; path = Base.lproj/Main.storyboard; sourceTree = "<group>"; };
		4AED629C1FFBCA7E009A6B51 /* Assets.xcassets */ = {isa = PBXFileReference; lastKnownFileType = folder.assetcatalog; path = Assets.xcassets; sourceTree = "<group>"; };
		4AED629F1FFBCA7E009A6B51 /* Base */ = {isa = PBXFileReference; lastKnownFileType = file.storyboard; name = Base; path = Base.lproj/LaunchScreen.storyboard; sourceTree = "<group>"; };
		4AED62A11FFBCA7E009A6B51 /* Info.plist */ = {isa = PBXFileReference; lastKnownFileType = text.plist.xml; path = Info.plist; sourceTree = "<group>"; };
		4AED62A61FFBCA7F009A6B51 /* Silly SongTests.xctest */ = {isa = PBXFileReference; explicitFileType = wrapper.cfbundle; includeInIndex = 0; path = "Silly SongTests.xctest"; sourceTree = BUILT_PRODUCTS_DIR; };
		4AED62AA1FFBCA7F009A6B51 /* Silly_SongTests.swift */ = {isa = PBXFileReference; lastKnownFileType = sourcecode.swift; path = Silly_SongTests.swift; sourceTree = "<group>"; };
		4AED62AC1FFBCA7F009A6B51 /* Info.plist */ = {isa = PBXFileReference; lastKnownFileType = text.plist.xml; path = Info.plist; sourceTree = "<group>"; };
		4AED62B11FFBCA7F009A6B51 /* Silly SongUITests.xctest */ = {isa = PBXFileReference; explicitFileType = wrapper.cfbundle; includeInIndex = 0; path = "Silly SongUITests.xctest"; sourceTree = BUILT_PRODUCTS_DIR; };
		4AED62B51FFBCA7F009A6B51 /* Silly_SongUITests.swift */ = {isa = PBXFileReference; lastKnownFileType = sourcecode.swift; path = Silly_SongUITests.swift; sourceTree = "<group>"; };
		4AED62B71FFBCA7F009A6B51 /* Info.plist */ = {isa = PBXFileReference; lastKnownFileType = text.plist.xml; path = Info.plist; sourceTree = "<group>"; };
/* End PBXFileReference section */

/* Begin PBXFrameworksBuildPhase section */
		4AED628F1FFBCA7E009A6B51 /* Frameworks */ = {
			isa = PBXFrameworksBuildPhase;
			buildActionMask = 2147483647;
			files = (
			);
			runOnlyForDeploymentPostprocessing = 0;
		};
		4AED62A31FFBCA7F009A6B51 /* Frameworks */ = {
			isa = PBXFrameworksBuildPhase;
			buildActionMask = 2147483647;
			files = (
			);
			runOnlyForDeploymentPostprocessing = 0;
		};
		4AED62AE1FFBCA7F009A6B51 /* Frameworks */ = {
			isa = PBXFrameworksBuildPhase;
			buildActionMask = 2147483647;
			files = (
			);
			runOnlyForDeploymentPostprocessing = 0;
		};
/* End PBXFrameworksBuildPhase section */

/* Begin PBXGroup section */
		4AED62891FFBCA7E009A6B51 = {
			isa = PBXGroup;
			children = (
				4AED62941FFBCA7E009A6B51 /* Silly Song */,
				4AED62A91FFBCA7F009A6B51 /* Silly SongTests */,
				4AED62B41FFBCA7F009A6B51 /* Silly SongUITests */,
				4AED62931FFBCA7E009A6B51 /* Products */,
			);
			sourceTree = "<group>";
		};
		4AED62931FFBCA7E009A6B51 /* Products */ = {
			isa = PBXGroup;
			children = (
				4AED62921FFBCA7E009A6B51 /* Silly Song.app */,
				4AED62A61FFBCA7F009A6B51 /* Silly SongTests.xctest */,
				4AED62B11FFBCA7F009A6B51 /* Silly SongUITests.xctest */,
			);
			name = Products;
			sourceTree = "<group>";
		};
		4AED62941FFBCA7E009A6B51 /* Silly Song */ = {
			isa = PBXGroup;
			children = (
				4AED62951FFBCA7E009A6B51 /* AppDelegate.swift */,
				4AED62971FFBCA7E009A6B51 /* ViewController.swift */,
				4AED62991FFBCA7E009A6B51 /* Main.storyboard */,
				4AED629C1FFBCA7E009A6B51 /* Assets.xcassets */,
				4AED629E1FFBCA7E009A6B51 /* LaunchScreen.storyboard */,
				4AED62A11FFBCA7E009A6B51 /* Info.plist */,
			);
			path = "Silly Song";
			sourceTree = "<group>";
		};
		4AED62A91FFBCA7F009A6B51 /* Silly SongTests */ = {
			isa = PBXGroup;
			children = (
				4AED62AA1FFBCA7F009A6B51 /* Silly_SongTests.swift */,
				4AED62AC1FFBCA7F009A6B51 /* Info.plist */,
			);
			path = "Silly SongTests";
			sourceTree = "<group>";
		};
		4AED62B41FFBCA7F009A6B51 /* Silly SongUITests */ = {
			isa = PBXGroup;
			children = (
				4AED62B51FFBCA7F009A6B51 /* Silly_SongUITests.swift */,
				4AED62B71FFBCA7F009A6B51 /* Info.plist */,
			);
			path = "Silly SongUITests";
			sourceTree = "<group>";
		};
/* End PBXGroup section */

/* Begin PBXNativeTarget section */
		4AED62911FFBCA7E009A6B51 /* Silly Song */ = {
			isa = PBXNativeTarget;
			buildConfigurationList = 4AED62BA1FFBCA7F009A6B51 /* Build configuration list for PBXNativeTarget "Silly Song" */;
			buildPhases = (
				4AED628E1FFBCA7E009A6B51 /* Sources */,
				4AED628F1FFBCA7E009A6B51 /* Frameworks */,
				4AED62901FFBCA7E009A6B51 /* Resources */,
			);
			buildRules = (
			);
			dependencies = (
			);
			name = "Silly Song";
			productName = "Silly Song";
			productReference = 4AED62921FFBCA7E009A6B51 /* Silly Song.app */;
			productType = "com.apple.product-type.application";
		};
		4AED62A51FFBCA7F009A6B51 /* Silly SongTests */ = {
			isa = PBXNativeTarget;
			buildConfigurationList = 4AED62BD1FFBCA7F009A6B51 /* Build configuration list for PBXNativeTarget "Silly SongTests" */;
			buildPhases = (
				4AED62A21FFBCA7F009A6B51 /* Sources */,
				4AED62A31FFBCA7F009A6B51 /* Frameworks */,
				4AED62A41FFBCA7F009A6B51 /* Resources */,
			);
			buildRules = (
			);
			dependencies = (
				4AED62A81FFBCA7F009A6B51 /* PBXTargetDependency */,
			);
			name = "Silly SongTests";
			productName = "Silly SongTests";
			productReference = 4AED62A61FFBCA7F009A6B51 /* Silly SongTests.xctest */;
			productType = "com.apple.product-type.bundle.unit-test";
		};
		4AED62B01FFBCA7F009A6B51 /* Silly SongUITests */ = {
			isa = PBXNativeTarget;
			buildConfigurationList = 4AED62C01FFBCA7F009A6B51 /* Build configuration list for PBXNativeTarget "Silly SongUITests" */;
			buildPhases = (
				4AED62AD1FFBCA7F009A6B51 /* Sources */,
				4AED62AE1FFBCA7F009A6B51 /* Frameworks */,
				4AED62AF1FFBCA7F009A6B51 /* Resources */,
			);
			buildRules = (
			);
			dependencies = (
				4AED62B31FFBCA7F009A6B51 /* PBXTargetDependency */,
			);
			name = "Silly SongUITests";
			productName = "Silly SongUITests";
			productReference = 4AED62B11FFBCA7F009A6B51 /* Silly SongUITests.xctest */;
			productType = "com.apple.product-type.bundle.ui-testing";
		};
/* End PBXNativeTarget section */

/* Begin PBXProject section */
		4AED628A1FFBCA7E009A6B51 /* Project object */ = {
			isa = PBXProject;
			attributes = {
				LastSwiftUpdateCheck = 0820;
				LastUpgradeCheck = 0820;
				ORGANIZATIONNAME = "Max Boguslavskiy";
				TargetAttributes = {
					4AED62911FFBCA7E009A6B51 = {
						CreatedOnToolsVersion = 8.2.1;
						DevelopmentTeam = XR7776YZ72;
						ProvisioningStyle = Automatic;
					};
					4AED62A51FFBCA7F009A6B51 = {
						CreatedOnToolsVersion = 8.2.1;
						DevelopmentTeam = XR7776YZ72;
						ProvisioningStyle = Automatic;
						TestTargetID = 4AED62911FFBCA7E009A6B51;
					};
					4AED62B01FFBCA7F009A6B51 = {
						CreatedOnToolsVersion = 8.2.1;
						DevelopmentTeam = XR7776YZ72;
						ProvisioningStyle = Automatic;
						TestTargetID = 4AED62911FFBCA7E009A6B51;
					};
				};
			};
			buildConfigurationList = 4AED628D1FFBCA7E009A6B51 /* Build configuration list for PBXProject "Silly Song" */;
			compatibilityVersion = "Xcode 3.2";
			developmentRegion = English;
			hasScannedForEncodings = 0;
			knownRegions = (
				en,
				Base,
			);
			mainGroup = 4AED62891FFBCA7E009A6B51;
			productRefGroup = 4AED62931FFBCA7E009A6B51 /* Products */;
			projectDirPath = "";
			projectRoot = "";
			targets = (
				4AED62911FFBCA7E009A6B51 /* Silly Song */,
				4AED62A51FFBCA7F009A6B51 /* Silly SongTests */,
				4AED62B01FFBCA7F009A6B51 /* Silly SongUITests */,
			);
		};
/* End PBXProject section */

/* Begin PBXResourcesBuildPhase section */
		4AED62901FFBCA7E009A6B51 /* Resources */ = {
			isa = PBXResourcesBuildPhase;
			buildActionMask = 2147483647;
			files = (
				4AED62A01FFBCA7E009A6B51 /* LaunchScreen.storyboard in Resources */,
				4AED629D1FFBCA7E009A6B51 /* Assets.xcassets in Resources */,
				4AED629B1FFBCA7E009A6B51 /* Main.storyboard in Resources */,
			);
			runOnlyForDeploymentPostprocessing = 0;
		};
		4AED62A41FFBCA7F009A6B51 /* Resources */ = {
			isa = PBXResourcesBuildPhase;
			buildActionMask = 2147483647;
			files = (
			);
			runOnlyForDeploymentPostprocessing = 0;
		};
		4AED62AF1FFBCA7F009A6B51 /* Resources */ = {
			isa = PBXResourcesBuildPhase;
			buildActionMask = 2147483647;
			files = (
			);
			runOnlyForDeploymentPostprocessing = 0;
		};
/* End PBXResourcesBuildPhase section */

/* Begin PBXSourcesBuildPhase section */
		4AED628E1FFBCA7E009A6B51 /* Sources */ = {
			isa = PBXSourcesBuildPhase;
			buildActionMask = 2147483647;
			files = (
				4AED62981FFBCA7E009A6B51 /* ViewController.swift in Sources */,
				4AED62961FFBCA7E009A6B51 /* AppDelegate.swift in Sources */,
			);
			runOnlyForDeploymentPostprocessing = 0;
		};
		4AED62A21FFBCA7F009A6B51 /* Sources */ = {
			isa = PBXSourcesBuildPhase;
			buildActionMask = 2147483647;
			files = (
				4AED62AB1FFBCA7F009A6B51 /* Silly_SongTests.swift in Sources */,
			);
			runOnlyForDeploymentPostprocessing = 0;
		};
		4AED62AD1FFBCA7F009A6B51 /* Sources */ = {
			isa = PBXSourcesBuildPhase;
			buildActionMask = 2147483647;
			files = (
				4AED62B61FFBCA7F009A6B51 /* Silly_SongUITests.swift in Sources */,
			);
			runOnlyForDeploymentPostprocessing = 0;
		};
/* End PBXSourcesBuildPhase section */

/* Begin PBXTargetDependency section */
		4AED62A81FFBCA7F009A6B51 /* PBXTargetDependency */ = {
			isa = PBXTargetDependency;
			target = 4AED62911FFBCA7E009A6B51 /* Silly Song */;
			targetProxy = 4AED62A71FFBCA7F009A6B51 /* PBXContainerItemProxy */;
		};
		4AED62B31FFBCA7F009A6B51 /* PBXTargetDependency */ = {
			isa = PBXTargetDependency;
			target = 4AED62911FFBCA7E009A6B51 /* Silly Song */;
			targetProxy = 4AED62B21FFBCA7F009A6B51 /* PBXContainerItemProxy */;
		};
/* End PBXTargetDependency section */

/* Begin PBXVariantGroup section */
		4AED62991FFBCA7E009A6B51 /* Main.storyboard */ = {
			isa = PBXVariantGroup;
			children = (
				4AED629A1FFBCA7E009A6B51 /* Base */,
			);
			name = Main.storyboard;
			sourceTree = "<group>";
		};
		4AED629E1FFBCA7E009A6B51 /* LaunchScreen.storyboard */ = {
			isa = PBXVariantGroup;
			children = (
				4AED629F1FFBCA7E009A6B51 /* Base */,
			);
			name = LaunchScreen.storyboard;
			sourceTree = "<group>";
		};
/* End PBXVariantGroup section */

/* Begin XCBuildConfiguration section */
		4AED62B81FFBCA7F009A6B51 /* Debug */ = {
			isa = XCBuildConfiguration;
			buildSettings = {
				ALWAYS_SEARCH_USER_PATHS = NO;
				CLANG_ANALYZER_NONNULL = YES;
				CLANG_CXX_LANGUAGE_STANDARD = "gnu++0x";
				CLANG_CXX_LIBRARY = "libc++";
				CLANG_ENABLE_MODULES = YES;
				CLANG_ENABLE_OBJC_ARC = YES;
				CLANG_WARN_BOOL_CONVERSION = YES;
				CLANG_WARN_CONSTANT_CONVERSION = YES;
				CLANG_WARN_DIRECT_OBJC_ISA_USAGE = YES_ERROR;
				CLANG_WARN_DOCUMENTATION_COMMENTS = YES;
				CLANG_WARN_EMPTY_BODY = YES;
				CLANG_WARN_ENUM_CONVERSION = YES;
				CLANG_WARN_INFINITE_RECURSION = YES;
				CLANG_WARN_INT_CONVERSION = YES;
				CLANG_WARN_OBJC_ROOT_CLASS = YES_ERROR;
				CLANG_WARN_SUSPICIOUS_MOVE = YES;
				CLANG_WARN_UNREACHABLE_CODE = YES;
				CLANG_WARN__DUPLICATE_METHOD_MATCH = YES;
				"CODE_SIGN_IDENTITY[sdk=iphoneos*]" = "iPhone Developer";
				COPY_PHASE_STRIP = NO;
				DEBUG_INFORMATION_FORMAT = dwarf;
				ENABLE_STRICT_OBJC_MSGSEND = YES;
				ENABLE_TESTABILITY = YES;
				GCC_C_LANGUAGE_STANDARD = gnu99;
				GCC_DYNAMIC_NO_PIC = NO;
				GCC_NO_COMMON_BLOCKS = YES;
				GCC_OPTIMIZATION_LEVEL = 0;
				GCC_PREPROCESSOR_DEFINITIONS = (
					"DEBUG=1",
					"$(inherited)",
				);
				GCC_WARN_64_TO_32_BIT_CONVERSION = YES;
				GCC_WARN_ABOUT_RETURN_TYPE = YES_ERROR;
				GCC_WARN_UNDECLARED_SELECTOR = YES;
				GCC_WARN_UNINITIALIZED_AUTOS = YES_AGGRESSIVE;
				GCC_WARN_UNUSED_FUNCTION = YES;
				GCC_WARN_UNUSED_VARIABLE = YES;
				IPHONEOS_DEPLOYMENT_TARGET = 10.2;
				MTL_ENABLE_DEBUG_INFO = YES;
				ONLY_ACTIVE_ARCH = YES;
				SDKROOT = iphoneos;
				SWIFT_ACTIVE_COMPILATION_CONDITIONS = DEBUG;
				SWIFT_OPTIMIZATION_LEVEL = "-Onone";
				TARGETED_DEVICE_FAMILY = "1,2";
			};
			name = Debug;
		};
		4AED62B91FFBCA7F009A6B51 /* Release */ = {
			isa = XCBuildConfiguration;
			buildSettings = {
				ALWAYS_SEARCH_USER_PATHS = NO;
				CLANG_ANALYZER_NONNULL = YES;
				CLANG_CXX_LANGUAGE_STANDARD = "gnu++0x";
				CLANG_CXX_LIBRARY = "libc++";
				CLANG_ENABLE_MODULES = YES;
				CLANG_ENABLE_OBJC_ARC = YES;
				CLANG_WARN_BOOL_CONVERSION = YES;
				CLANG_WARN_CONSTANT_CONVERSION = YES;
				CLANG_WARN_DIRECT_OBJC_ISA_USAGE = YES_ERROR;
				CLANG_WARN_DOCUMENTATION_COMMENTS = YES;
				CLANG_WARN_EMPTY_BODY = YES;
				CLANG_WARN_ENUM_CONVERSION = YES;
				CLANG_WARN_INFINITE_RECURSION = YES;
				CLANG_WARN_INT_CONVERSION = YES;
				CLANG_WARN_OBJC_ROOT_CLASS = YES_ERROR;
				CLANG_WARN_SUSPICIOUS_MOVE = YES;
				CLANG_WARN_UNREACHABLE_CODE = YES;
				CLANG_WARN__DUPLICATE_METHOD_MATCH = YES;
				"CODE_SIGN_IDENTITY[sdk=iphoneos*]" = "iPhone Developer";
				COPY_PHASE_STRIP = NO;
				DEBUG_INFORMATION_FORMAT = "dwarf-with-dsym";
				ENABLE_NS_ASSERTIONS = NO;
				ENABLE_STRICT_OBJC_MSGSEND = YES;
				GCC_C_LANGUAGE_STANDARD = gnu99;
				GCC_NO_COMMON_BLOCKS = YES;
				GCC_WARN_64_TO_32_BIT_CONVERSION = YES;
				GCC_WARN_ABOUT_RETURN_TYPE = YES_ERROR;
				GCC_WARN_UNDECLARED_SELECTOR = YES;
				GCC_WARN_UNINITIALIZED_AUTOS = YES_AGGRESSIVE;
				GCC_WARN_UNUSED_FUNCTION = YES;
				GCC_WARN_UNUSED_VARIABLE = YES;
				IPHONEOS_DEPLOYMENT_TARGET = 10.2;
				MTL_ENABLE_DEBUG_INFO = NO;
				SDKROOT = iphoneos;
				SWIFT_OPTIMIZATION_LEVEL = "-Owholemodule";
				TARGETED_DEVICE_FAMILY = "1,2";
				VALIDATE_PRODUCT = YES;
			};
			name = Release;
		};
		4AED62BB1FFBCA7F009A6B51 /* Debug */ = {
			isa = XCBuildConfiguration;
			buildSettings = {
				ASSETCATALOG_COMPILER_APPICON_NAME = AppIcon;
				DEVELOPMENT_TEAM = XR7776YZ72;
				INFOPLIST_FILE = "Silly Song/Info.plist";
				LD_RUNPATH_SEARCH_PATHS = "$(inherited) @executable_path/Frameworks";
				PRODUCT_BUNDLE_IDENTIFIER = "com.maxbogus.Silly-Song";
				PRODUCT_NAME = "$(TARGET_NAME)";
				SWIFT_VERSION = 3.0;
			};
			name = Debug;
		};
		4AED62BC1FFBCA7F009A6B51 /* Release */ = {
			isa = XCBuildConfiguration;
			buildSettings = {
				ASSETCATALOG_COMPILER_APPICON_NAME = AppIcon;
				DEVELOPMENT_TEAM = XR7776YZ72;
				INFOPLIST_FILE = "Silly Song/Info.plist";
				LD_RUNPATH_SEARCH_PATHS = "$(inherited) @executable_path/Frameworks";
				PRODUCT_BUNDLE_IDENTIFIER = "com.maxbogus.Silly-Song";
				PRODUCT_NAME = "$(TARGET_NAME)";
				SWIFT_VERSION = 3.0;
			};
			name = Release;
		};
		4AED62BE1FFBCA7F009A6B51 /* Debug */ = {
			isa = XCBuildConfiguration;
			buildSettings = {
				ALWAYS_EMBED_SWIFT_STANDARD_LIBRARIES = YES;
				BUNDLE_LOADER = "$(TEST_HOST)";
				DEVELOPMENT_TEAM = XR7776YZ72;
				INFOPLIST_FILE = "Silly SongTests/Info.plist";
				LD_RUNPATH_SEARCH_PATHS = "$(inherited) @executable_path/Frameworks @loader_path/Frameworks";
				PRODUCT_BUNDLE_IDENTIFIER = "com.maxbogus.Silly-SongTests";
				PRODUCT_NAME = "$(TARGET_NAME)";
				SWIFT_VERSION = 3.0;
				TEST_HOST = "$(BUILT_PRODUCTS_DIR)/Silly Song.app/Silly Song";
			};
			name = Debug;
		};
		4AED62BF1FFBCA7F009A6B51 /* Release */ = {
			isa = XCBuildConfiguration;
			buildSettings = {
				ALWAYS_EMBED_SWIFT_STANDARD_LIBRARIES = YES;
				BUNDLE_LOADER = "$(TEST_HOST)";
				DEVELOPMENT_TEAM = XR7776YZ72;
				INFOPLIST_FILE = "Silly SongTests/Info.plist";
				LD_RUNPATH_SEARCH_PATHS = "$(inherited) @executable_path/Frameworks @loader_path/Frameworks";
				PRODUCT_BUNDLE_IDENTIFIER = "com.maxbogus.Silly-SongTests";
				PRODUCT_NAME = "$(TARGET_NAME)";
				SWIFT_VERSION = 3.0;
				TEST_HOST = "$(BUILT_PRODUCTS_DIR)/Silly Song.app/Silly Song";
			};
			name = Release;
		};
		4AED62C11FFBCA7F009A6B51 /* Debug */ = {
			isa = XCBuildConfiguration;
			buildSettings = {
				ALWAYS_EMBED_SWIFT_STANDARD_LIBRARIES = YES;
				DEVELOPMENT_TEAM = XR7776YZ72;
				INFOPLIST_FILE = "Silly SongUITests/Info.plist";
				LD_RUNPATH_SEARCH_PATHS = "$(inherited) @executable_path/Frameworks @loader_path/Frameworks";
				PRODUCT_BUNDLE_IDENTIFIER = "com.maxbogus.Silly-SongUITests";
				PRODUCT_NAME = "$(TARGET_NAME)";
				SWIFT_VERSION = 3.0;
				TEST_TARGET_NAME = "Silly Song";
			};
			name = Debug;
		};
		4AED62C21FFBCA7F009A6B51 /* Release */ = {
			isa = XCBuildConfiguration;
			buildSettings = {
				ALWAYS_EMBED_SWIFT_STANDARD_LIBRARIES = YES;
				DEVELOPMENT_TEAM = XR7776YZ72;
				INFOPLIST_FILE = "Silly SongUITests/Info.plist";
				LD_RUNPATH_SEARCH_PATHS = "$(inherited) @executable_path/Frameworks @loader_path/Frameworks";
				PRODUCT_BUNDLE_IDENTIFIER = "com.maxbogus.Silly-SongUITests";
				PRODUCT_NAME = "$(TARGET_NAME)";
				SWIFT_VERSION = 3.0;
				TEST_TARGET_NAME = "Silly Song";
			};
			name = Release;
		};
/* End XCBuildConfiguration section */

/* Begin XCConfigurationList section */
		4AED628D1FFBCA7E009A6B51 /* Build configuration list for PBXProject "Silly Song" */ = {
			isa = XCConfigurationList;
			buildConfigurations = (
				4AED62B81FFBCA7F009A6B51 /* Debug */,
				4AED62B91FFBCA7F009A6B51 /* Release */,
			);
			defaultConfigurationIsVisible = 0;
			defaultConfigurationName = Release;
		};
		4AED62BA1FFBCA7F009A6B51 /* Build configuration list for PBXNativeTarget "Silly Song" */ = {
			isa = XCConfigurationList;
			buildConfigurations = (
				4AED62BB1FFBCA7F009A6B51 /* Debug */,
				4AED62BC1FFBCA7F009A6B51 /* Release */,
			);
			defaultConfigurationIsVisible = 0;
		};
		4AED62BD1FFBCA7F009A6B51 /* Build configuration list for PBXNativeTarget "Silly SongTests" */ = {
			isa = XCConfigurationList;
			buildConfigurations = (
				4AED62BE1FFBCA7F009A6B51 /* Debug */,
				4AED62BF1FFBCA7F009A6B51 /* Release */,
			);
			defaultConfigurationIsVisible = 0;
		};
		4AED62C01FFBCA7F009A6B51 /* Build configuration list for PBXNativeTarget "Silly SongUITests" */ = {
			isa = XCConfigurationList;
			buildConfigurations = (
				4AED62C11FFBCA7F009A6B51 /* Debug */,
				4AED62C21FFBCA7F009A6B51 /* Release */,
			);
			defaultConfigurationIsVisible = 0;
		};
/* End XCConfigurationList section */
	};
	rootObject = 4AED628A1FFBCA7E009A6B51 /* Project object */;
}
